
Microsoft Visual Studio Solution File, Format Version 12.00
# Visual Studio 2012
Project("{FAE04EC0-301F-11D3-BF4B-00C04F79EFBC}") = "XMCares.BMS.FDI.Shell", "XMCares.BMS.FDI.Shell\XMCares.BMS.FDI.Shell.csproj", "{E935D68C-1FF8-4827-8DD5-B048129245F8}"
EndProject
Project("{FAE04EC0-301F-11D3-BF4B-00C04F79EFBC}") = "XMCares.BMS.FDI.Common", "XMCares.BMS.FDI.Common\XMCares.BMS.FDI.Common.csproj", "{F03C5836-835E-4C19-B819-E17E8CA55DAF}"
EndProject
Project("{FAE04EC0-301F-11D3-BF4B-00C04F79EFBC}") = "XMCares.BMS.FDI.BLL", "XMCares.BMS.FDI.BLL\XMCares.BMS.FDI.BLL.csproj", "{FFEBA2A2-1008-44EF-BD90-DB1D776967B2}"
EndProject
Project("{FAE04EC0-301F-11D3-BF4B-00C04F79EFBC}") = "XMCares.BMS.FDI.DAL", "XMCares.BMS.FDI.DAL\XMCares.BMS.FDI.DAL.csproj", "{16483D2A-267A-4F01-9458-41A78A348AE4}"
EndProject
Project("{FAE04EC0-301F-11D3-BF4B-00C04F79EFBC}") = "XMCares.BMS.FDI.Model", "XMCares.BMS.FDI.Model\XMCares.BMS.FDI.Model.csproj", "{59AD4407-81C0-4A58-9BE5-431A317007D0}"
EndProject
Project("{FAE04EC0-301F-11D3-BF4B-00C04F79EFBC}") = "EasyNetQ", "EasyNetQ\EasyNetQ.csproj", "{B8DEF709-5168-48F1-B8D3-AD44E4A4A22B}"
EndProject
Project("{FAE04EC0-301F-11D3-BF4B-00C04F79EFBC}") = "XMCares.RabbitMQ.Client", "XMCares.RabbitMQ.Client\XMCares.RabbitMQ.Client.csproj", "{19EC1E29-409F-41E8-9DAD-485B9C4DE30F}"
EndProject
Global
	GlobalSection(SolutionConfigurationPlatforms) = preSolution
		Debug_X86|Any CPU = Debug_X86|Any CPU
		Debug_X86|x64 = Debug_X86|x64
		Debug_X86|x86 = Debug_X86|x86
		Debug|Any CPU = Debug|Any CPU
		Debug|x64 = Debug|x64
		Debug|x86 = Debug|x86
		Release|Any CPU = Release|Any CPU
		Release|x64 = Release|x64
		Release|x86 = Release|x86
		x64|Any CPU = x64|Any CPU
		x64|x64 = x64|x64
		x64|x86 = x64|x86
	EndGlobalSection
	GlobalSection(ProjectConfigurationPlatforms) = postSolution
		{E935D68C-1FF8-4827-8DD5-B048129245F8}.Debug_X86|Any CPU.ActiveCfg = Debug|Any CPU
		{E935D68C-1FF8-4827-8DD5-B048129245F8}.Debug_X86|Any CPU.Build.0 = Debug|Any CPU
		{E935D68C-1FF8-4827-8DD5-B048129245F8}.Debug_X86|x64.ActiveCfg = Debug|Any CPU
		{E935D68C-1FF8-4827-8DD5-B048129245F8}.Debug_X86|x86.ActiveCfg = Debug|Any CPU
		{E935D68C-1FF8-4827-8DD5-B048129245F8}.Debug|Any CPU.ActiveCfg = Debug|Any CPU
		{E935D68C-1FF8-4827-8DD5-B048129245F8}.Debug|Any CPU.Build.0 = Debug|Any CPU
		{E935D68C-1FF8-4827-8DD5-B048129245F8}.Debug|x64.ActiveCfg = Debug|Any CPU
		{E935D68C-1FF8-4827-8DD5-B048129245F8}.Debug|x86.ActiveCfg = Debug|Any CPU
		{E935D68C-1FF8-4827-8DD5-B048129245F8}.Release|Any CPU.ActiveCfg = Release|Any CPU
		{E935D68C-1FF8-4827-8DD5-B048129245F8}.Release|Any CPU.Build.0 = Release|Any CPU
		{E935D68C-1FF8-4827-8DD5-B048129245F8}.Release|x64.ActiveCfg = Release|Any CPU
		{E935D68C-1FF8-4827-8DD5-B048129245F8}.Release|x86.ActiveCfg = Release|Any CPU
		{E935D68C-1FF8-4827-8DD5-B048129245F8}.x64|Any CPU.ActiveCfg = Release|Any CPU
		{E935D68C-1FF8-4827-8DD5-B048129245F8}.x64|Any CPU.Build.0 = Release|Any CPU
		{E935D68C-1FF8-4827-8DD5-B048129245F8}.x64|x64.ActiveCfg = Release|Any CPU
		{E935D68C-1FF8-4827-8DD5-B048129245F8}.x64|x86.ActiveCfg = Release|Any CPU
		{F03C5836-835E-4C19-B819-E17E8CA55DAF}.Debug_X86|Any CPU.ActiveCfg = Debug|Any CPU
		{F03C5836-835E-4C19-B819-E17E8CA55DAF}.Debug_X86|Any CPU.Build.0 = Debug|Any CPU
		{F03C5836-835E-4C19-B819-E17E8CA55DAF}.Debug_X86|x64.ActiveCfg = Debug|Any CPU
		{F03C5836-835E-4C19-B819-E17E8CA55DAF}.Debug_X86|x86.ActiveCfg = Debug|Any CPU
		{F03C5836-835E-4C19-B819-E17E8CA55DAF}.Debug|Any CPU.ActiveCfg = Debug|Any CPU
		{F03C5836-835E-4C19-B819-E17E8CA55DAF}.Debug|Any CPU.Build.0 = Debug|Any CPU
		{F03C5836-835E-4C19-B819-E17E8CA55DAF}.Debug|x64.ActiveCfg = Debug|Any CPU
		{F03C5836-835E-4C19-B819-E17E8CA55DAF}.Debug|x86.ActiveCfg = Debug|Any CPU
		{F03C5836-835E-4C19-B819-E17E8CA55DAF}.Release|Any CPU.ActiveCfg = Release|Any CPU
		{F03C5836-835E-4C19-B819-E17E8CA55DAF}.Release|Any CPU.Build.0 = Release|Any CPU
		{F03C5836-835E-4C19-B819-E17E8CA55DAF}.Release|x64.ActiveCfg = Release|Any CPU
		{F03C5836-835E-4C19-B819-E17E8CA55DAF}.Release|x86.ActiveCfg = Release|Any CPU
		{F03C5836-835E-4C19-B819-E17E8CA55DAF}.x64|Any CPU.ActiveCfg = Release|Any CPU
		{F03C5836-835E-4C19-B819-E17E8CA55DAF}.x64|Any CPU.Build.0 = Release|Any CPU
		{F03C5836-835E-4C19-B819-E17E8CA55DAF}.x64|x64.ActiveCfg = Release|Any CPU
		{F03C5836-835E-4C19-B819-E17E8CA55DAF}.x64|x86.ActiveCfg = Release|Any CPU
		{FFEBA2A2-1008-44EF-BD90-DB1D776967B2}.Debug_X86|Any CPU.ActiveCfg = Debug|Any CPU
		{FFEBA2A2-1008-44EF-BD90-DB1D776967B2}.Debug_X86|Any CPU.Build.0 = Debug|Any CPU
		{FFEBA2A2-1008-44EF-BD90-DB1D776967B2}.Debug_X86|x64.ActiveCfg = Debug|Any CPU
		{FFEBA2A2-1008-44EF-BD90-DB1D776967B2}.Debug_X86|x86.ActiveCfg = Debug|Any CPU
		{FFEBA2A2-1008-44EF-BD90-DB1D776967B2}.Debug|Any CPU.ActiveCfg = Debug|Any CPU
		{FFEBA2A2-1008-44EF-BD90-DB1D776967B2}.Debug|Any CPU.Build.0 = Debug|Any CPU
		{FFEBA2A2-1008-44EF-BD90-DB1D776967B2}.Debug|x64.ActiveCfg = Debug|Any CPU
		{FFEBA2A2-1008-44EF-BD90-DB1D776967B2}.Debug|x86.ActiveCfg = Debug|Any CPU
		{FFEBA2A2-1008-44EF-BD90-DB1D776967B2}.Release|Any CPU.ActiveCfg = Release|Any CPU
		{FFEBA2A2-1008-44EF-BD90-DB1D776967B2}.Release|Any CPU.Build.0 = Release|Any CPU
		{FFEBA2A2-1008-44EF-BD90-DB1D776967B2}.Release|x64.ActiveCfg = Release|Any CPU
		{FFEBA2A2-1008-44EF-BD90-DB1D776967B2}.Release|x86.ActiveCfg = Release|Any CPU
		{FFEBA2A2-1008-44EF-BD90-DB1D776967B2}.x64|Any CPU.ActiveCfg = Release|Any CPU
		{FFEBA2A2-1008-44EF-BD90-DB1D776967B2}.x64|Any CPU.Build.0 = Release|Any CPU
		{FFEBA2A2-1008-44EF-BD90-DB1D776967B2}.x64|x64.ActiveCfg = Release|Any CPU
		{FFEBA2A2-1008-44EF-BD90-DB1D776967B2}.x64|x86.ActiveCfg = Release|Any CPU
		{16483D2A-267A-4F01-9458-41A78A348AE4}.Debug_X86|Any CPU.ActiveCfg = Debug|Any CPU
		{16483D2A-267A-4F01-9458-41A78A348AE4}.Debug_X86|Any CPU.Build.0 = Debug|Any CPU
		{16483D2A-267A-4F01-9458-41A78A348AE4}.Debug_X86|x64.ActiveCfg = Debug|Any CPU
		{16483D2A-267A-4F01-9458-41A78A348AE4}.Debug_X86|x86.ActiveCfg = Debug|Any CPU
		{16483D2A-267A-4F01-9458-41A78A348AE4}.Debug|Any CPU.ActiveCfg = Debug|Any CPU
		{16483D2A-267A-4F01-9458-41A78A348AE4}.Debug|Any CPU.Build.0 = Debug|Any CPU
		{16483D2A-267A-4F01-9458-41A78A348AE4}.Debug|x64.ActiveCfg = Debug|Any CPU
		{16483D2A-267A-4F01-9458-41A78A348AE4}.Debug|x86.ActiveCfg = Debug|Any CPU
		{16483D2A-267A-4F01-9458-41A78A348AE4}.Release|Any CPU.ActiveCfg = Release|Any CPU
		{16483D2A-267A-4F01-9458-41A78A348AE4}.Release|Any CPU.Build.0 = Release|Any CPU
		{16483D2A-267A-4F01-9458-41A78A348AE4}.Release|x64.ActiveCfg = Release|Any CPU
		{16483D2A-267A-4F01-9458-41A78A348AE4}.Release|x86.ActiveCfg = Release|Any CPU
		{16483D2A-267A-4F01-9458-41A78A348AE4}.x64|Any CPU.ActiveCfg = Release|Any CPU
		{16483D2A-267A-4F01-9458-41A78A348AE4}.x64|Any CPU.Build.0 = Release|Any CPU
		{16483D2A-267A-4F01-9458-41A78A348AE4}.x64|x64.ActiveCfg = Release|Any CPU
		{16483D2A-267A-4F01-9458-41A78A348AE4}.x64|x86.ActiveCfg = Release|Any CPU
		{59AD4407-81C0-4A58-9BE5-431A317007D0}.Debug_X86|Any CPU.ActiveCfg = Debug|Any CPU
		{59AD4407-81C0-4A58-9BE5-431A317007D0}.Debug_X86|Any CPU.Build.0 = Debug|Any CPU
		{59AD4407-81C0-4A58-9BE5-431A317007D0}.Debug_X86|x64.ActiveCfg = Debug|Any CPU
		{59AD4407-81C0-4A58-9BE5-431A317007D0}.Debug_X86|x86.ActiveCfg = Debug|Any CPU
		{59AD4407-81C0-4A58-9BE5-431A317007D0}.Debug|Any CPU.ActiveCfg = Debug|Any CPU
		{59AD4407-81C0-4A58-9BE5-431A317007D0}.Debug|Any CPU.Build.0 = Debug|Any CPU
		{59AD4407-81C0-4A58-9BE5-431A317007D0}.Debug|x64.ActiveCfg = Debug|Any CPU
		{59AD4407-81C0-4A58-9BE5-431A317007D0}.Debug|x86.ActiveCfg = Debug|Any CPU
		{59AD4407-81C0-4A58-9BE5-431A317007D0}.Release|Any CPU.ActiveCfg = Release|Any CPU
		{59AD4407-81C0-4A58-9BE5-431A317007D0}.Release|Any CPU.Build.0 = Release|Any CPU
		{59AD4407-81C0-4A58-9BE5-431A317007D0}.Release|x64.ActiveCfg = Release|Any CPU
		{59AD4407-81C0-4A58-9BE5-431A317007D0}.Release|x86.ActiveCfg = Release|Any CPU
		{59AD4407-81C0-4A58-9BE5-431A317007D0}.x64|Any CPU.ActiveCfg = Release|Any CPU
		{59AD4407-81C0-4A58-9BE5-431A317007D0}.x64|Any CPU.Build.0 = Release|Any CPU
		{59AD4407-81C0-4A58-9BE5-431A317007D0}.x64|x64.ActiveCfg = Release|Any CPU
		{59AD4407-81C0-4A58-9BE5-431A317007D0}.x64|x86.ActiveCfg = Release|Any CPU
		{B8DEF709-5168-48F1-B8D3-AD44E4A4A22B}.Debug_X86|Any CPU.ActiveCfg = Debug_X86|Any CPU
		{B8DEF709-5168-48F1-B8D3-AD44E4A4A22B}.Debug_X86|Any CPU.Build.0 = Debug_X86|Any CPU
		{B8DEF709-5168-48F1-B8D3-AD44E4A4A22B}.Debug_X86|x64.ActiveCfg = Debug_X86|x64
		{B8DEF709-5168-48F1-B8D3-AD44E4A4A22B}.Debug_X86|x64.Build.0 = Debug_X86|x64
		{B8DEF709-5168-48F1-B8D3-AD44E4A4A22B}.Debug_X86|x86.ActiveCfg = Debug_X86|x86
		{B8DEF709-5168-48F1-B8D3-AD44E4A4A22B}.Debug_X86|x86.Build.0 = Debug_X86|x86
		{B8DEF709-5168-48F1-B8D3-AD44E4A4A22B}.Debug|Any CPU.ActiveCfg = Debug|Any CPU
		{B8DEF709-5168-48F1-B8D3-AD44E4A4A22B}.Debug|Any CPU.Build.0 = Debug|Any CPU
		{B8DEF709-5168-48F1-B8D3-AD44E4A4A22B}.Debug|x64.ActiveCfg = Debug|x64
		{B8DEF709-5168-48F1-B8D3-AD44E4A4A22B}.Debug|x64.Build.0 = Debug|x64
		{B8DEF709-5168-48F1-B8D3-AD44E4A4A22B}.Debug|x86.ActiveCfg = Debug|x86
		{B8DEF709-5168-48F1-B8D3-AD44E4A4A22B}.Debug|x86.Build.0 = Debug|x86
		{B8DEF709-5168-48F1-B8D3-AD44E4A4A22B}.Release|Any CPU.ActiveCfg = Release|Any CPU
		{B8DEF709-5168-48F1-B8D3-AD44E4A4A22B}.Release|Any CPU.Build.0 = Release|Any CPU
		{B8DEF709-5168-48F1-B8D3-AD44E4A4A22B}.Release|x64.ActiveCfg = Release|x64
		{B8DEF709-5168-48F1-B8D3-AD44E4A4A22B}.Release|x64.Build.0 = Release|x64
		{B8DEF709-5168-48F1-B8D3-AD44E4A4A22B}.Release|x86.ActiveCfg = Release|x86
		{B8DEF709-5168-48F1-B8D3-AD44E4A4A22B}.Release|x86.Build.0 = Release|x86
		{B8DEF709-5168-48F1-B8D3-AD44E4A4A22B}.x64|Any CPU.ActiveCfg = x64|Any CPU
		{B8DEF709-5168-48F1-B8D3-AD44E4A4A22B}.x64|Any CPU.Build.0 = x64|Any CPU
		{B8DEF709-5168-48F1-B8D3-AD44E4A4A22B}.x64|x64.ActiveCfg = x64|x64
		{B8DEF709-5168-48F1-B8D3-AD44E4A4A22B}.x64|x64.Build.0 = x64|x64
		{B8DEF709-5168-48F1-B8D3-AD44E4A4A22B}.x64|x86.ActiveCfg = x64|x86
		{B8DEF709-5168-48F1-B8D3-AD44E4A4A22B}.x64|x86.Build.0 = x64|x86
		{19EC1E29-409F-41E8-9DAD-485B9C4DE30F}.Debug_X86|Any CPU.ActiveCfg = Debug|Any CPU
		{19EC1E29-409F-41E8-9DAD-485B9C4DE30F}.Debug_X86|Any CPU.Build.0 = Debug|Any CPU
		{19EC1E29-409F-41E8-9DAD-485B9C4DE30F}.Debug_X86|x64.ActiveCfg = Debug|Any CPU
		{19EC1E29-409F-41E8-9DAD-485B9C4DE30F}.Debug_X86|x86.ActiveCfg = Debug|Any CPU
		{19EC1E29-409F-41E8-9DAD-485B9C4DE30F}.Debug|Any CPU.ActiveCfg = Debug|Any CPU
		{19EC1E29-409F-41E8-9DAD-485B9C4DE30F}.Debug|Any CPU.Build.0 = Debug|Any CPU
		{19EC1E29-409F-41E8-9DAD-485B9C4DE30F}.Debug|x64.ActiveCfg = Debug|Any CPU
		{19EC1E29-409F-41E8-9DAD-485B9C4DE30F}.Debug|x86.ActiveCfg = Debug|Any CPU
		{19EC1E29-409F-41E8-9DAD-485B9C4DE30F}.Release|Any CPU.ActiveCfg = Release|Any CPU
		{19EC1E29-409F-41E8-9DAD-485B9C4DE30F}.Release|Any CPU.Build.0 = Release|Any CPU
		{19EC1E29-409F-41E8-9DAD-485B9C4DE30F}.Release|x64.ActiveCfg = Release|Any CPU
		{19EC1E29-409F-41E8-9DAD-485B9C4DE30F}.Release|x86.ActiveCfg = Release|Any CPU
		{19EC1E29-409F-41E8-9DAD-485B9C4DE30F}.x64|Any CPU.ActiveCfg = Release|Any CPU
		{19EC1E29-409F-41E8-9DAD-485B9C4DE30F}.x64|Any CPU.Build.0 = Release|Any CPU
		{19EC1E29-409F-41E8-9DAD-485B9C4DE30F}.x64|x64.ActiveCfg = Release|Any CPU
		{19EC1E29-409F-41E8-9DAD-485B9C4DE30F}.x64|x86.ActiveCfg = Release|Any CPU
	EndGlobalSection
	GlobalSection(SolutionProperties) = preSolution
		HideSolutionNode = FALSE
	EndGlobalSection
EndGlobal
