
Microsoft Visual Studio Solution File, Format Version 11.00
# Visual Studio 2010
Project("{FAE04EC0-301F-11D3-BF4B-00C04F79EFBC}") = "NPOIExample", "NPOIExample\NPOIExample.csproj", "{E669D1DF-20E6-46BE-832C-30FB916B3952}"
EndProject
Project("{FAE04EC0-301F-11D3-BF4B-00C04F79EFBC}") = "NPOIHelper", "NPOIHelper\NPOIHelper.csproj", "{F7373E4D-B0ED-449F-8F36-67E697FF2C1D}"
EndProject
Global
	GlobalSection(SolutionConfigurationPlatforms) = preSolution
		Debug|Any CPU = Debug|Any CPU
		Debug|Mixed Platforms = Debug|Mixed Platforms
		Debug|x86 = Debug|x86
		Release|Any CPU = Release|Any CPU
		Release|Mixed Platforms = Release|Mixed Platforms
		Release|x86 = Release|x86
	EndGlobalSection
	GlobalSection(ProjectConfigurationPlatforms) = postSolution
		{E669D1DF-20E6-46BE-832C-30FB916B3952}.Debug|Any CPU.ActiveCfg = Debug|x86
		{E669D1DF-20E6-46BE-832C-30FB916B3952}.Debug|Mixed Platforms.ActiveCfg = Debug|x86
		{E669D1DF-20E6-46BE-832C-30FB916B3952}.Debug|Mixed Platforms.Build.0 = Debug|x86
		{E669D1DF-20E6-46BE-832C-30FB916B3952}.Debug|x86.ActiveCfg = Debug|x86
		{E669D1DF-20E6-46BE-832C-30FB916B3952}.Debug|x86.Build.0 = Debug|x86
		{E669D1DF-20E6-46BE-832C-30FB916B3952}.Release|Any CPU.ActiveCfg = Release|x86
		{E669D1DF-20E6-46BE-832C-30FB916B3952}.Release|Mixed Platforms.ActiveCfg = Release|x86
		{E669D1DF-20E6-46BE-832C-30FB916B3952}.Release|Mixed Platforms.Build.0 = Release|x86
		{E669D1DF-20E6-46BE-832C-30FB916B3952}.Release|x86.ActiveCfg = Release|x86
		{E669D1DF-20E6-46BE-832C-30FB916B3952}.Release|x86.Build.0 = Release|x86
		{F7373E4D-B0ED-449F-8F36-67E697FF2C1D}.Debug|Any CPU.ActiveCfg = Debug|Any CPU
		{F7373E4D-B0ED-449F-8F36-67E697FF2C1D}.Debug|Any CPU.Build.0 = Debug|Any CPU
		{F7373E4D-B0ED-449F-8F36-67E697FF2C1D}.Debug|Mixed Platforms.ActiveCfg = Debug|Any CPU
		{F7373E4D-B0ED-449F-8F36-67E697FF2C1D}.Debug|Mixed Platforms.Build.0 = Debug|Any CPU
		{F7373E4D-B0ED-449F-8F36-67E697FF2C1D}.Debug|x86.ActiveCfg = Debug|Any CPU
		{F7373E4D-B0ED-449F-8F36-67E697FF2C1D}.Release|Any CPU.ActiveCfg = Release|Any CPU
		{F7373E4D-B0ED-449F-8F36-67E697FF2C1D}.Release|Any CPU.Build.0 = Release|Any CPU
		{F7373E4D-B0ED-449F-8F36-67E697FF2C1D}.Release|Mixed Platforms.ActiveCfg = Release|Any CPU
		{F7373E4D-B0ED-449F-8F36-67E697FF2C1D}.Release|Mixed Platforms.Build.0 = Release|Any CPU
		{F7373E4D-B0ED-449F-8F36-67E697FF2C1D}.Release|x86.ActiveCfg = Release|Any CPU
	EndGlobalSection
	GlobalSection(SolutionProperties) = preSolution
		HideSolutionNode = FALSE
	EndGlobalSection
EndGlobal
